
Microsoft Visual Studio Solution File, Format Version 12.00
# Visual Studio 14
VisualStudioVersion = 14.0.25420.1
MinimumVisualStudioVersion = 10.0.40219.1
Project("{8BB2217D-0F2D-49D1-97BC-3654ED321F3B}") = "AlpineSkiHouse.Web", "src\AlpineSkiHouse.Web\AlpineSkiHouse.Web.xproj", "{52379083-3A1C-473A-B66B-0EC5D401736B}"
EndProject
Project("{2150E333-8FDC-42A3-9474-1A3956D46DE8}") = "Solution Items", "Solution Items", "{A41B3F85-B828-4569-823A-E0850D24E01D}"
	ProjectSection(SolutionItems) = preProject
		global.json = global.json
	EndProjectSection
EndProject
Project("{8BB2217D-0F2D-49D1-97BC-3654ED321F3B}") = "AlpineSkiHouse.Web.Test", "test\AlpineSkiHouse.Web.Test\AlpineSkiHouse.Web.Test.xproj", "{C47DD736-721B-4E16-8255-6AF6B3FD2307}"
EndProject
Project("{8BB2217D-0F2D-49D1-97BC-3654ED321F3B}") = "AlpineSkiHouse.WebJobs", "src\AlpineSkiHouse.WebJobs\AlpineSkiHouse.WebJobs.xproj", "{81C7D405-C676-480C-88AA-9A270D28D903}"
EndProject
Global
	GlobalSection(SolutionConfigurationPlatforms) = preSolution
		Debug|Any CPU = Debug|Any CPU
		Release|Any CPU = Release|Any CPU
	EndGlobalSection
	GlobalSection(ProjectConfigurationPlatforms) = postSolution
		{52379083-3A1C-473A-B66B-0EC5D401736B}.Debug|Any CPU.ActiveCfg = Debug|Any CPU
		{52379083-3A1C-473A-B66B-0EC5D401736B}.Debug|Any CPU.Build.0 = Debug|Any CPU
		{52379083-3A1C-473A-B66B-0EC5D401736B}.Release|Any CPU.ActiveCfg = Release|Any CPU
		{52379083-3A1C-473A-B66B-0EC5D401736B}.Release|Any CPU.Build.0 = Release|Any CPU
		{C47DD736-721B-4E16-8255-6AF6B3FD2307}.Debug|Any CPU.ActiveCfg = Debug|Any CPU
		{C47DD736-721B-4E16-8255-6AF6B3FD2307}.Debug|Any CPU.Build.0 = Debug|Any CPU
		{C47DD736-721B-4E16-8255-6AF6B3FD2307}.Release|Any CPU.ActiveCfg = Release|Any CPU
		{C47DD736-721B-4E16-8255-6AF6B3FD2307}.Release|Any CPU.Build.0 = Release|Any CPU
		{81C7D405-C676-480C-88AA-9A270D28D903}.Debug|Any CPU.ActiveCfg = Debug|Any CPU
		{81C7D405-C676-480C-88AA-9A270D28D903}.Debug|Any CPU.Build.0 = Debug|Any CPU
		{81C7D405-C676-480C-88AA-9A270D28D903}.Release|Any CPU.ActiveCfg = Release|Any CPU
		{81C7D405-C676-480C-88AA-9A270D28D903}.Release|Any CPU.Build.0 = Release|Any CPU
	EndGlobalSection
	GlobalSection(SolutionProperties) = preSolution
		HideSolutionNode = FALSE
	EndGlobalSection
EndGlobal
